
Microsoft Visual Studio Solution File, Format Version 12.00
# Visual Studio Version 16
VisualStudioVersion = 16.0.32428.217
MinimumVisualStudioVersion = 10.0.40219.1
Project("{FAE04EC0-301F-11D3-BF4B-00C04F79EFBC}") = "GameServer", "GameServer.csproj", "{44EB5EA9-CA14-41B1-9F26-B157249D1083}"
EndProject
Global
	GlobalSection(SolutionConfigurationPlatforms) = preSolution
		Debug|Any CPU = Debug|Any CPU
		Release|Any CPU = Release|Any CPU
	EndGlobalSection
	GlobalSection(ProjectConfigurationPlatforms) = postSolution
		{44EB5EA9-CA14-41B1-9F26-B157249D1083}.Debug|Any CPU.ActiveCfg = Debug|Any CPU
		{44EB5EA9-CA14-41B1-9F26-B157249D1083}.Debug|Any CPU.Build.0 = Debug|Any CPU
		{44EB5EA9-CA14-41B1-9F26-B157249D1083}.Release|Any CPU.ActiveCfg = Release|Any CPU
		{44EB5EA9-CA14-41B1-9F26-B157249D1083}.Release|Any CPU.Build.0 = Release|Any CPU
	EndGlobalSection
	GlobalSection(SolutionProperties) = preSolution
		HideSolutionNode = FALSE
	EndGlobalSection
	GlobalSection(ExtensibilityGlobals) = postSolution
		SolutionGuid = {4D36D06E-0006-4036-80B6-4D1C4BDBFB55}
	EndGlobalSection
EndGlobal
